<?xml version="1.0" encoding="utf-8"?>
<Project ToolsVersion="4.0" xmlns="http://schemas.microsoft.com/developer/msbuild/2003">
  <ItemGroup>
    <Filter Include="Source">
      <UniqueIdentifier>{97f60ecb-1be3-480a-96e4-2ee0ca79310c}</UniqueIdentifier>
    </Filter>
    <Filter Include="Source\World">
      <UniqueIdentifier>{12740210-cc34-4253-aed2-0f112e67c524}</UniqueIdentifier>
    </Filter>
  </ItemGroup>
  <ItemGroup>
    <ClCompile Include="Shader.cpp">
      <Filter>Source</Filter>
    </ClCompile>
    <ClCompile Include="VertexBuffer.cpp">
      <Filter>Source</Filter>
    </ClCompile>
    <ClCompile Include="Main.cpp">
      <Filter>Source</Filter>
    </ClCompile>
    <ClCompile Include="Camera.cpp">
      <Filter>Source</Filter>
    </ClCompile>
    <ClCompile Include="Context.cpp">
      <Filter>Source</Filter>
    </ClCompile>
    <ClCompile Include="Chunk.cpp">
      <Filter>Source\World</Filter>
    </ClCompile>
    <ClCompile Include="FrameTime.cpp" />
  </ItemGroup>
  <ItemGroup>
    <ClInclude Include="Shader.h">
      <Filter>Source</Filter>
    </ClInclude>
    <ClInclude Include="VertexBuffer.h">
      <Filter>Source</Filter>
    </ClInclude>
    <ClInclude Include="Camera.h">
      <Filter>Source</Filter>
    </ClInclude>
    <ClInclude Include="Context.h">
      <Filter>Source</Filter>
    </ClInclude>
    <ClInclude Include="Chunk.h">
      <Filter>Source\World</Filter>
    </ClInclude>
    <ClInclude Include="nchfx.h">
      <Filter>Source</Filter>
    </ClInclude>
    <ClInclude Include="FrameTime.h" />
  </ItemGroup>
</Project>